
Microsoft Visual Studio Solution File, Format Version 12.00
# Visual Studio 15
VisualStudioVersion = 15.0.27703.2026
MinimumVisualStudioVersion = 10.0.40219.1
Project("{2150E333-8FDC-42A3-9474-1A3956D46DE8}") = "IoC - Step 1", "IoC - Step 1", "{720F6974-D31D-4C3C-9C37-00D877FB1F88}"
EndProject
Project("{9A19103F-16F7-4668-BE54-9A1E7A4F7556}") = "Starter", "Starter\Starter.csproj", "{175BE5B2-2FDD-4E19-8A05-26FCE106CFC5}"
EndProject
Project("{2150E333-8FDC-42A3-9474-1A3956D46DE8}") = "Ioc - Default", "Ioc - Default", "{8E54D2DF-B40C-40C2-91EA-EA0B3C99F4EA}"
EndProject
Project("{9A19103F-16F7-4668-BE54-9A1E7A4F7556}") = "IoCDefault", "IoCDefault\IoCDefault.csproj", "{1906AF70-0451-4A96-8302-67605DB9C82E}"
EndProject
Project("{2150E333-8FDC-42A3-9474-1A3956D46DE8}") = "IoC - AutoFac", "IoC - AutoFac", "{23846091-C394-48B8-9688-399945D3F464}"
EndProject
Project("{9A19103F-16F7-4668-BE54-9A1E7A4F7556}") = "Adapter", "ConsoleApp1\Adapter.csproj", "{3E186268-2152-4458-8EB8-A4FED7627A43}"
EndProject
Project("{FAE04EC0-301F-11D3-BF4B-00C04F79EFBC}") = "Decorator", "Decorator\Decorator.csproj", "{39252F67-AC0A-43CC-B2DB-2B606AE3327A}"
EndProject
Project("{FAE04EC0-301F-11D3-BF4B-00C04F79EFBC}") = "MultiTenancy", "MultiTenancy\MultiTenancy.csproj", "{20A50BB8-35A5-4EB1-B49E-418ED38009DF}"
EndProject
Project("{FAE04EC0-301F-11D3-BF4B-00C04F79EFBC}") = "AggregateServices", "AggregateServices\AggregateServices.csproj", "{1C0D0B68-E0BD-4363-8E97-DF0F107D6C5C}"
EndProject
Global
	GlobalSection(SolutionConfigurationPlatforms) = preSolution
		Debug|Any CPU = Debug|Any CPU
		Release|Any CPU = Release|Any CPU
	EndGlobalSection
	GlobalSection(ProjectConfigurationPlatforms) = postSolution
		{175BE5B2-2FDD-4E19-8A05-26FCE106CFC5}.Debug|Any CPU.ActiveCfg = Debug|Any CPU
		{175BE5B2-2FDD-4E19-8A05-26FCE106CFC5}.Debug|Any CPU.Build.0 = Debug|Any CPU
		{175BE5B2-2FDD-4E19-8A05-26FCE106CFC5}.Release|Any CPU.ActiveCfg = Release|Any CPU
		{175BE5B2-2FDD-4E19-8A05-26FCE106CFC5}.Release|Any CPU.Build.0 = Release|Any CPU
		{1906AF70-0451-4A96-8302-67605DB9C82E}.Debug|Any CPU.ActiveCfg = Debug|Any CPU
		{1906AF70-0451-4A96-8302-67605DB9C82E}.Debug|Any CPU.Build.0 = Debug|Any CPU
		{1906AF70-0451-4A96-8302-67605DB9C82E}.Release|Any CPU.ActiveCfg = Release|Any CPU
		{1906AF70-0451-4A96-8302-67605DB9C82E}.Release|Any CPU.Build.0 = Release|Any CPU
		{3E186268-2152-4458-8EB8-A4FED7627A43}.Debug|Any CPU.ActiveCfg = Debug|Any CPU
		{3E186268-2152-4458-8EB8-A4FED7627A43}.Debug|Any CPU.Build.0 = Debug|Any CPU
		{3E186268-2152-4458-8EB8-A4FED7627A43}.Release|Any CPU.ActiveCfg = Release|Any CPU
		{3E186268-2152-4458-8EB8-A4FED7627A43}.Release|Any CPU.Build.0 = Release|Any CPU
		{39252F67-AC0A-43CC-B2DB-2B606AE3327A}.Debug|Any CPU.ActiveCfg = Debug|Any CPU
		{39252F67-AC0A-43CC-B2DB-2B606AE3327A}.Debug|Any CPU.Build.0 = Debug|Any CPU
		{39252F67-AC0A-43CC-B2DB-2B606AE3327A}.Release|Any CPU.ActiveCfg = Release|Any CPU
		{39252F67-AC0A-43CC-B2DB-2B606AE3327A}.Release|Any CPU.Build.0 = Release|Any CPU
		{20A50BB8-35A5-4EB1-B49E-418ED38009DF}.Debug|Any CPU.ActiveCfg = Debug|Any CPU
		{20A50BB8-35A5-4EB1-B49E-418ED38009DF}.Debug|Any CPU.Build.0 = Debug|Any CPU
		{20A50BB8-35A5-4EB1-B49E-418ED38009DF}.Release|Any CPU.ActiveCfg = Release|Any CPU
		{20A50BB8-35A5-4EB1-B49E-418ED38009DF}.Release|Any CPU.Build.0 = Release|Any CPU
		{1C0D0B68-E0BD-4363-8E97-DF0F107D6C5C}.Debug|Any CPU.ActiveCfg = Debug|Any CPU
		{1C0D0B68-E0BD-4363-8E97-DF0F107D6C5C}.Debug|Any CPU.Build.0 = Debug|Any CPU
		{1C0D0B68-E0BD-4363-8E97-DF0F107D6C5C}.Release|Any CPU.ActiveCfg = Release|Any CPU
		{1C0D0B68-E0BD-4363-8E97-DF0F107D6C5C}.Release|Any CPU.Build.0 = Release|Any CPU
	EndGlobalSection
	GlobalSection(SolutionProperties) = preSolution
		HideSolutionNode = FALSE
	EndGlobalSection
	GlobalSection(NestedProjects) = preSolution
		{175BE5B2-2FDD-4E19-8A05-26FCE106CFC5} = {720F6974-D31D-4C3C-9C37-00D877FB1F88}
		{1906AF70-0451-4A96-8302-67605DB9C82E} = {8E54D2DF-B40C-40C2-91EA-EA0B3C99F4EA}
		{3E186268-2152-4458-8EB8-A4FED7627A43} = {23846091-C394-48B8-9688-399945D3F464}
		{39252F67-AC0A-43CC-B2DB-2B606AE3327A} = {23846091-C394-48B8-9688-399945D3F464}
		{20A50BB8-35A5-4EB1-B49E-418ED38009DF} = {23846091-C394-48B8-9688-399945D3F464}
		{1C0D0B68-E0BD-4363-8E97-DF0F107D6C5C} = {23846091-C394-48B8-9688-399945D3F464}
	EndGlobalSection
	GlobalSection(ExtensibilityGlobals) = postSolution
		SolutionGuid = {DDAFBC77-4275-4E7D-AE4F-D6DB0E742664}
	EndGlobalSection
EndGlobal
